# This file is automatically @generated by Poetry 1.5.4 and should not be changed by hand.

[[package]]
name = "pygame"
version = "2.6.0"
description = "Python Game Development"
optional = false
python-versions = ">=3.6"
files = [
    {file = "pygame-2.6.0-cp310-cp310-macosx_10_9_x86_64.whl", hash = "sha256:e5707aa9d029752495b3eddc1edff62e0e390a02f699b0f1ce77fe0b8c70ea4f"},
    {file = "pygame-2.6.0-cp310-cp310-macosx_11_0_arm64.whl", hash = "sha256:d3ed0547368733b854c0d9981c982a3cdfabfa01b477d095c57bf47f2199da44"},
    {file = "pygame-2.6.0-cp310-cp310-manylinux_2_17_aarch64.manylinux2014_aarch64.whl", hash = "sha256:6050f3e95f1f16602153d616b52619c6a2041cee7040eb529f65689e9633fc3e"},
    {file = "pygame-2.6.0-cp310-cp310-manylinux_2_17_i686.manylinux2014_i686.whl", hash = "sha256:89be55b7e9e22e0eea08af9d6cfb97aed5da780f0b3a035803437d481a16d972"},
    {file = "pygame-2.6.0-cp310-cp310-manylinux_2_17_x86_64.manylinux2014_x86_64.whl", hash = "sha256:7d65fb222eea1294cfc8206d9e5754d476a1673eb2783c03c4f70e0455320274"},
    {file = "pygame-2.6.0-cp310-cp310-win32.whl", hash = "sha256:71eebb9803cb350298de188fb7cdd3ebf13299f78d59a71c7e81efc649aae348"},
    {file = "pygame-2.6.0-cp310-cp310-win_amd64.whl", hash = "sha256:1551852a2cd5b4139a752888f6cbeeb4a96fc0fe6e6f3f8b9d9784eb8fceab13"},
    {file = "pygame-2.6.0-cp311-cp311-macosx_10_9_x86_64.whl", hash = "sha256:f6e5e6c010b1bf429388acf4d41d7ab2f7ad8fbf241d0db822102d35c9a2eb84"},
    {file = "pygame-2.6.0-cp311-cp311-macosx_11_0_arm64.whl", hash = "sha256:99902f4a2f6a338057200d99b5120a600c27a9f629ca012a9b0087c045508d08"},
    {file = "pygame-2.6.0-cp311-cp311-manylinux_2_17_aarch64.manylinux2014_aarch64.whl", hash = "sha256:6a284664978a1989c1e31a0888b2f70cfbcbafdfa3bb310e750b0d3366416225"},
    {file = "pygame-2.6.0-cp311-cp311-manylinux_2_17_i686.manylinux2014_i686.whl", hash = "sha256:829623cee298b3dbaa1dd9f52c3051ae82f04cad7708c8c67cb9a1a4b8fd3c0b"},
    {file = "pygame-2.6.0-cp311-cp311-manylinux_2_17_x86_64.manylinux2014_x86_64.whl", hash = "sha256:6acf7949ed764487d51123f4f3606e8f76b0df167fef12ef73ef423c35fdea39"},
    {file = "pygame-2.6.0-cp311-cp311-win32.whl", hash = "sha256:3f809560c99bd1fb4716610eca0cd36412528f03da1a63841a347b71d0c604ee"},
    {file = "pygame-2.6.0-cp311-cp311-win_amd64.whl", hash = "sha256:6897ab87f9193510a774a3483e00debfe166f340ca159f544ef99807e2a44ec4"},
    {file = "pygame-2.6.0-cp312-cp312-macosx_10_9_x86_64.whl", hash = "sha256:b834711ebc8b9d0c2a5f9bfae4403dd277b2c61bcb689e1aa630d01a1ebcf40a"},
    {file = "pygame-2.6.0-cp312-cp312-macosx_11_0_arm64.whl", hash = "sha256:b5ac288655e8a31a303cc286e79cc57979ed2ba19c3a14042d4b6391c1d3bed2"},
    {file = "pygame-2.6.0-cp312-cp312-manylinux_2_17_aarch64.manylinux2014_aarch64.whl", hash = "sha256:d666667b7826b0a7921b8ce0a282ba5281dfa106976c1a3b24e32a0af65ad3b1"},
    {file = "pygame-2.6.0-cp312-cp312-manylinux_2_17_i686.manylinux2014_i686.whl", hash = "sha256:fd8848a37a7cee37854c7efb8d451334477c9f8ce7ac339c079e724dc1334a76"},
    {file = "pygame-2.6.0-cp312-cp312-manylinux_2_17_x86_64.manylinux2014_x86_64.whl", hash = "sha256:315e7b3c1c573984f549ac5da9778ac4709b3b4e3a4061050d94eab63fa4fe31"},
    {file = "pygame-2.6.0-cp312-cp312-win32.whl", hash = "sha256:e44bde0840cc21a91c9d368846ac538d106cf0668be1a6030f48df139609d1e8"},
    {file = "pygame-2.6.0-cp312-cp312-win_amd64.whl", hash = "sha256:1c429824b1f881a7a5ce3b5c2014d3d182aa45a22cea33c8347a3971a5446907"},
    {file = "pygame-2.6.0-cp36-cp36m-macosx_10_9_x86_64.whl", hash = "sha256:b832200bd8b6fc485e087bf3ef7ec1a21437258536413a5386088f5dcd3a9870"},
    {file = "pygame-2.6.0-cp36-cp36m-manylinux_2_17_aarch64.manylinux2014_aarch64.whl", hash = "sha256:098029d01a46ea4e30620dfb7c28a577070b456c8fc96350dde05f85c0bf51b5"},
    {file = "pygame-2.6.0-cp36-cp36m-manylinux_2_17_i686.manylinux2014_i686.whl", hash = "sha256:a858bbdeac5ec473ec9e726c55fb8fbdc2f4aad7c55110e899883738071c7c9b"},
    {file = "pygame-2.6.0-cp36-cp36m-manylinux_2_17_x86_64.manylinux2014_x86_64.whl", hash = "sha256:6f908762941fd99e1f66d1211d26383184f6045c45673443138b214bf48a89aa"},
    {file = "pygame-2.6.0-cp36-cp36m-win32.whl", hash = "sha256:4a63daee99d050f47d6ec7fa7dbd1c6597b8f082cdd58b6918d382d2bc31262d"},
    {file = "pygame-2.6.0-cp36-cp36m-win_amd64.whl", hash = "sha256:ace471b3849d68968e5427fc01166ef5afaf552a5c442fc2c28d3b7226786f55"},
    {file = "pygame-2.6.0-cp37-cp37m-macosx_10_9_x86_64.whl", hash = "sha256:fea019713d0c89dfd5909225aa933010100035d1cd30e6c936e8b6f00529fb80"},
    {file = "pygame-2.6.0-cp37-cp37m-manylinux_2_17_aarch64.manylinux2014_aarch64.whl", hash = "sha256:249dbf2d51d9f0266009a380ccf0532e1a57614a1528bb2f89a802b01d61f93e"},
    {file = "pygame-2.6.0-cp37-cp37m-manylinux_2_17_i686.manylinux2014_i686.whl", hash = "sha256:8cb51533ee3204e8160600b0de34eaad70eb913a182c94a7777b6051e8fc52f1"},
    {file = "pygame-2.6.0-cp37-cp37m-manylinux_2_17_x86_64.manylinux2014_x86_64.whl", hash = "sha256:4f637636a44712e94e5601ec69160a080214626471983dfb0b5b68aa0c61563d"},
    {file = "pygame-2.6.0-cp37-cp37m-win32.whl", hash = "sha256:e432156b6f346f4cc6cab03ce9657600093390f4c9b10bf458716b25beebfe33"},
    {file = "pygame-2.6.0-cp37-cp37m-win_amd64.whl", hash = "sha256:a0194652db7874bdde7dfc69d659ca954544c012e04ae527151325bfb970f423"},
    {file = "pygame-2.6.0-cp38-cp38-macosx_10_9_x86_64.whl", hash = "sha256:eae3ee62cc172e268121d5bd9dc406a67094d33517de3a91de3323d6ae23eb02"},
    {file = "pygame-2.6.0-cp38-cp38-macosx_11_0_arm64.whl", hash = "sha256:f6a58b0a5a8740a3c2cf6fc5366888bd4514561253437f093c12a9ab4fb3ecae"},
    {file = "pygame-2.6.0-cp38-cp38-manylinux_2_17_aarch64.manylinux2014_aarch64.whl", hash = "sha256:c71da36997dc7b9b4ee973fa3a5d4a6cfb2149161b5b1c08b712d2f13a63ccfe"},
    {file = "pygame-2.6.0-cp38-cp38-manylinux_2_17_i686.manylinux2014_i686.whl", hash = "sha256:b86771801a7fc10d9a62218f27f1d5c13341c3a27394aa25578443a9cd199830"},
    {file = "pygame-2.6.0-cp38-cp38-manylinux_2_17_x86_64.manylinux2014_x86_64.whl", hash = "sha256:4928f3acf5a9ce5fbab384c21f1245304535ffd5fb167ae92a6b4d3cdb55a3b6"},
    {file = "pygame-2.6.0-cp38-cp38-win32.whl", hash = "sha256:4faab2df9926c4d31215986536b112f0d76f711cf02f395805f1ff5df8fd55fc"},
    {file = "pygame-2.6.0-cp38-cp38-win_amd64.whl", hash = "sha256:afbb8d97aed93dfb116fe105603dacb68f8dab05b978a40a9e4ab1b6c1f683fd"},
    {file = "pygame-2.6.0-cp39-cp39-macosx_10_9_x86_64.whl", hash = "sha256:d11f3646b53819892f4a731e80b8589a9140343d0d4b86b826802191b241228c"},
    {file = "pygame-2.6.0-cp39-cp39-macosx_11_0_arm64.whl", hash = "sha256:5ef92ed93c354eabff4b85e457d4d6980115004ec7ff52a19fd38b929c3b80fb"},
    {file = "pygame-2.6.0-cp39-cp39-manylinux_2_17_aarch64.manylinux2014_aarch64.whl", hash = "sha256:9bc1795f2e36302882546faacd5a0191463c4f4ae2b90e7c334a7733aa4190d2"},
    {file = "pygame-2.6.0-cp39-cp39-manylinux_2_17_i686.manylinux2014_i686.whl", hash = "sha256:e92294fcc85c4955fe5bc6a0404e4cc870808005dc8f359e881544e3cc214108"},
    {file = "pygame-2.6.0-cp39-cp39-manylinux_2_17_x86_64.manylinux2014_x86_64.whl", hash = "sha256:c0cb7bdf3ee0233a3ac02ef777c01dfe315e6d4670f1312c83b91c1ef124359a"},
    {file = "pygame-2.6.0-cp39-cp39-win32.whl", hash = "sha256:ac906478ae489bb837bf6d2ae1eb9261d658aa2c34fa5b283027a04149bda81a"},
    {file = "pygame-2.6.0-cp39-cp39-win_amd64.whl", hash = "sha256:92cf12a9722f6f0bdc5520d8925a8f085cff9c054a2ea462fc409cba3781be27"},
    {file = "pygame-2.6.0-pp36-pypy36_pp73-win32.whl", hash = "sha256:a6636f452fdaddf604a060849feb84c056930b6a3c036214f607741f16aac942"},
    {file = "pygame-2.6.0-pp37-pypy37_pp73-manylinux_2_17_i686.manylinux2014_i686.whl", hash = "sha256:3dc242dc15d067d10f25c5b12a1da48ca9436d8e2d72353eaf757e83612fba2f"},
    {file = "pygame-2.6.0-pp37-pypy37_pp73-manylinux_2_17_x86_64.manylinux2014_x86_64.whl", hash = "sha256:f82df23598a281c8c342d3c90be213c8fe762a26c15815511f60d0aac6e03a70"},
    {file = "pygame-2.6.0-pp38-pypy38_pp73-macosx_10_9_x86_64.whl", hash = "sha256:2ed2539bb6bd211fc570b1169dc4a64a74ec5cd95741e62a0ab46bd18fe08e0d"},
    {file = "pygame-2.6.0-pp38-pypy38_pp73-manylinux_2_17_i686.manylinux2014_i686.whl", hash = "sha256:904aaf29710c6b03a7e1a65b198f5467ed6525e8e60bdcc5e90ff8584c1d54ea"},
    {file = "pygame-2.6.0-pp38-pypy38_pp73-manylinux_2_17_x86_64.manylinux2014_x86_64.whl", hash = "sha256:fcd28f96f0fffd28e71a98773843074597e10d7f55a098e2e5bcb2bef1bdcbf5"},
    {file = "pygame-2.6.0-pp39-pypy39_pp73-macosx_10_9_x86_64.whl", hash = "sha256:4fad1ab33443ecd4f958dbbb67fc09fcdc7a37e26c34054e3296fb7e26ad641e"},
    {file = "pygame-2.6.0-pp39-pypy39_pp73-manylinux_2_17_i686.manylinux2014_i686.whl", hash = "sha256:e909186d4d512add39b662904f0f79b73028fbfc4fbfdaf6f9412aed4e500e9c"},
    {file = "pygame-2.6.0-pp39-pypy39_pp73-manylinux_2_17_x86_64.manylinux2014_x86_64.whl", hash = "sha256:79abcbf6d12fce51a955a0652ccd50b6d0a355baa27799535eaf21efb43433dd"},
    {file = "pygame-2.6.0.tar.gz", hash = "sha256:722d33ae676aa8533c1f955eded966411298831346b8d51a77dad22e46ba3e35"},
]

[metadata]
lock-version = "2.0"
python-versions = ">=3.10.0,<3.12"
content-hash = "757b022e65d0c2ff8621caac5f49e9984899c58e1241ac161b4b7895df0d0298"
